
Microsoft Visual Studio Solution File, Format Version 12.00
# Visual Studio Version 16
VisualStudioVersion = 16.0.31129.286
MinimumVisualStudioVersion = 10.0.40219.1
Project("{FAE04EC0-301F-11D3-BF4B-00C04F79EFBC}") = "Luftgleiter.CSBeginnerHelpLG", "Luftgleiter.CSBeginnerHelpLG\Luftgleiter.CSBeginnerHelpLG.csproj", "{82936D0B-0C1B-40B3-B2A7-04E66E3A7B9F}"
EndProject
Global
	GlobalSection(SolutionConfigurationPlatforms) = preSolution
		Debug|Any CPU = Debug|Any CPU
		Release|Any CPU = Release|Any CPU
	EndGlobalSection
	GlobalSection(ProjectConfigurationPlatforms) = postSolution
		{82936D0B-0C1B-40B3-B2A7-04E66E3A7B9F}.Debug|Any CPU.ActiveCfg = Debug|Any CPU
		{82936D0B-0C1B-40B3-B2A7-04E66E3A7B9F}.Debug|Any CPU.Build.0 = Debug|Any CPU
		{82936D0B-0C1B-40B3-B2A7-04E66E3A7B9F}.Release|Any CPU.ActiveCfg = Release|Any CPU
		{82936D0B-0C1B-40B3-B2A7-04E66E3A7B9F}.Release|Any CPU.Build.0 = Release|Any CPU
	EndGlobalSection
	GlobalSection(SolutionProperties) = preSolution
		HideSolutionNode = FALSE
	EndGlobalSection
	GlobalSection(ExtensibilityGlobals) = postSolution
		SolutionGuid = {4AF484A9-C6AE-46A6-9E1F-C95F849E360A}
	EndGlobalSection
EndGlobal
